
Microsoft Visual Studio Solution File, Format Version 12.00
# Visual Studio Version 16
VisualStudioVersion = 16.0.31112.23
MinimumVisualStudioVersion = 10.0.40219.1
Project("{9A19103F-16F7-4668-BE54-9A1E7A4F7556}") = "libMapView", "libMapView\libMapView.csproj", "{DB9ADB0B-FB7E-4C27-A3A0-5AD9355C63C6}"
EndProject
Project("{9A19103F-16F7-4668-BE54-9A1E7A4F7556}") = "libGIS", "..\libGis\libGis\libGIS.csproj", "{0499F497-F905-44A2-A8BB-3EB13D146D30}"
EndProject
Global
	GlobalSection(SolutionConfigurationPlatforms) = preSolution
		Debug|Any CPU = Debug|Any CPU
		Release|Any CPU = Release|Any CPU
	EndGlobalSection
	GlobalSection(ProjectConfigurationPlatforms) = postSolution
		{DB9ADB0B-FB7E-4C27-A3A0-5AD9355C63C6}.Debug|Any CPU.ActiveCfg = Debug|Any CPU
		{DB9ADB0B-FB7E-4C27-A3A0-5AD9355C63C6}.Debug|Any CPU.Build.0 = Debug|Any CPU
		{DB9ADB0B-FB7E-4C27-A3A0-5AD9355C63C6}.Release|Any CPU.ActiveCfg = Release|Any CPU
		{DB9ADB0B-FB7E-4C27-A3A0-5AD9355C63C6}.Release|Any CPU.Build.0 = Release|Any CPU
		{0499F497-F905-44A2-A8BB-3EB13D146D30}.Debug|Any CPU.ActiveCfg = Debug|Any CPU
		{0499F497-F905-44A2-A8BB-3EB13D146D30}.Debug|Any CPU.Build.0 = Debug|Any CPU
		{0499F497-F905-44A2-A8BB-3EB13D146D30}.Release|Any CPU.ActiveCfg = Release|Any CPU
		{0499F497-F905-44A2-A8BB-3EB13D146D30}.Release|Any CPU.Build.0 = Release|Any CPU
	EndGlobalSection
	GlobalSection(SolutionProperties) = preSolution
		HideSolutionNode = FALSE
	EndGlobalSection
	GlobalSection(ExtensibilityGlobals) = postSolution
		SolutionGuid = {2BBF74B5-BF47-4C94-8565-5F768B7B65BD}
	EndGlobalSection
EndGlobal
