
Microsoft Visual Studio Solution File, Format Version 12.00
# Visual Studio Version 16
VisualStudioVersion = 16.0.31112.23
MinimumVisualStudioVersion = 10.0.40219.1
Project("{FAE04EC0-301F-11D3-BF4B-00C04F79EFBC}") = "libMapView", "libMapView.csproj", "{1D1F1488-EF74-4024-A89E-26B9833A1530}"
EndProject
Project("{FAE04EC0-301F-11D3-BF4B-00C04F79EFBC}") = "libGis", "..\..\libGis\dotNet4\libGis.csproj", "{0239E663-B27E-48AD-8722-4A2C65886ED8}"
EndProject
Global
	GlobalSection(SolutionConfigurationPlatforms) = preSolution
		Debug|Any CPU = Debug|Any CPU
		Release|Any CPU = Release|Any CPU
	EndGlobalSection
	GlobalSection(ProjectConfigurationPlatforms) = postSolution
		{1D1F1488-EF74-4024-A89E-26B9833A1530}.Debug|Any CPU.ActiveCfg = Debug|Any CPU
		{1D1F1488-EF74-4024-A89E-26B9833A1530}.Debug|Any CPU.Build.0 = Debug|Any CPU
		{1D1F1488-EF74-4024-A89E-26B9833A1530}.Release|Any CPU.ActiveCfg = Release|Any CPU
		{1D1F1488-EF74-4024-A89E-26B9833A1530}.Release|Any CPU.Build.0 = Release|Any CPU
		{0239E663-B27E-48AD-8722-4A2C65886ED8}.Debug|Any CPU.ActiveCfg = Debug|Any CPU
		{0239E663-B27E-48AD-8722-4A2C65886ED8}.Debug|Any CPU.Build.0 = Debug|Any CPU
		{0239E663-B27E-48AD-8722-4A2C65886ED8}.Release|Any CPU.ActiveCfg = Release|Any CPU
		{0239E663-B27E-48AD-8722-4A2C65886ED8}.Release|Any CPU.Build.0 = Release|Any CPU
	EndGlobalSection
	GlobalSection(SolutionProperties) = preSolution
		HideSolutionNode = FALSE
	EndGlobalSection
	GlobalSection(ExtensibilityGlobals) = postSolution
		SolutionGuid = {F4B62C57-0A2E-4416-BB5E-6F6213D4A666}
	EndGlobalSection
EndGlobal
